// !$*UTF8*$!
{
	archiveVersion = 1;
	classes = {
	};
	objectVersion = 56;
	objects = {

/* Begin PBXBuildFile section */
		052527722AD2DC7400C07EB0 /* Vapor_ConsumerApp.swift in Sources */ = {isa = PBXBuildFile; fileRef = 052527712AD2DC7400C07EB0 /* Vapor_ConsumerApp.swift */; };
		052527742AD2DC7400C07EB0 /* SongList.swift in Sources */ = {isa = PBXBuildFile; fileRef = 052527732AD2DC7400C07EB0 /* SongList.swift */; };
		052527762AD2DC7600C07EB0 /* Assets.xcassets in Resources */ = {isa = PBXBuildFile; fileRef = 052527752AD2DC7600C07EB0 /* Assets.xcassets */; };
		052527792AD2DC7600C07EB0 /* Preview Assets.xcassets in Resources */ = {isa = PBXBuildFile; fileRef = 052527782AD2DC7600C07EB0 /* Preview Assets.xcassets */; };
		052527832AD33F8D00C07EB0 /* SongListViewModel.swift in Sources */ = {isa = PBXBuildFile; fileRef = 052527822AD33F8D00C07EB0 /* SongListViewModel.swift */; };
		052527852AD33FA100C07EB0 /* Song.swift in Sources */ = {isa = PBXBuildFile; fileRef = 052527842AD33FA100C07EB0 /* Song.swift */; };
		056A8A662AD3441800840B47 /* HttpClient.swift in Sources */ = {isa = PBXBuildFile; fileRef = 056A8A652AD3441800840B47 /* HttpClient.swift */; };
		056A8A682AD346EE00840B47 /* Constants.swift in Sources */ = {isa = PBXBuildFile; fileRef = 056A8A672AD346EE00840B47 /* Constants.swift */; };
		056A8A6A2AD34C5200840B47 /* ModelType.swift in Sources */ = {isa = PBXBuildFile; fileRef = 056A8A692AD34C5200840B47 /* ModelType.swift */; };
		056A8A6C2AD34D8000840B47 /* AddUpdateSong.swift in Sources */ = {isa = PBXBuildFile; fileRef = 056A8A6B2AD34D8000840B47 /* AddUpdateSong.swift */; };
		056A8A6E2AD34DBC00840B47 /* AddUpdateSongViewModel.swift in Sources */ = {isa = PBXBuildFile; fileRef = 056A8A6D2AD34DBC00840B47 /* AddUpdateSongViewModel.swift */; };
/* End PBXBuildFile section */

/* Begin PBXFileReference section */
		0525276E2AD2DC7400C07EB0 /* Vapor Consumer.app */ = {isa = PBXFileReference; explicitFileType = wrapper.application; includeInIndex = 0; path = "Vapor Consumer.app"; sourceTree = BUILT_PRODUCTS_DIR; };
		052527712AD2DC7400C07EB0 /* Vapor_ConsumerApp.swift */ = {isa = PBXFileReference; lastKnownFileType = sourcecode.swift; path = Vapor_ConsumerApp.swift; sourceTree = "<group>"; };
		052527732AD2DC7400C07EB0 /* SongList.swift */ = {isa = PBXFileReference; lastKnownFileType = sourcecode.swift; path = SongList.swift; sourceTree = "<group>"; };
		052527752AD2DC7600C07EB0 /* Assets.xcassets */ = {isa = PBXFileReference; lastKnownFileType = folder.assetcatalog; path = Assets.xcassets; sourceTree = "<group>"; };
		052527782AD2DC7600C07EB0 /* Preview Assets.xcassets */ = {isa = PBXFileReference; lastKnownFileType = folder.assetcatalog; path = "Preview Assets.xcassets"; sourceTree = "<group>"; };
		052527822AD33F8D00C07EB0 /* SongListViewModel.swift */ = {isa = PBXFileReference; lastKnownFileType = sourcecode.swift; path = SongListViewModel.swift; sourceTree = "<group>"; };
		052527842AD33FA100C07EB0 /* Song.swift */ = {isa = PBXFileReference; lastKnownFileType = sourcecode.swift; path = Song.swift; sourceTree = "<group>"; };
		056A8A652AD3441800840B47 /* HttpClient.swift */ = {isa = PBXFileReference; lastKnownFileType = sourcecode.swift; path = HttpClient.swift; sourceTree = "<group>"; };
		056A8A672AD346EE00840B47 /* Constants.swift */ = {isa = PBXFileReference; lastKnownFileType = sourcecode.swift; path = Constants.swift; sourceTree = "<group>"; };
		056A8A692AD34C5200840B47 /* ModelType.swift */ = {isa = PBXFileReference; lastKnownFileType = sourcecode.swift; path = ModelType.swift; sourceTree = "<group>"; };
		056A8A6B2AD34D8000840B47 /* AddUpdateSong.swift */ = {isa = PBXFileReference; lastKnownFileType = sourcecode.swift; path = AddUpdateSong.swift; sourceTree = "<group>"; };
		056A8A6D2AD34DBC00840B47 /* AddUpdateSongViewModel.swift */ = {isa = PBXFileReference; lastKnownFileType = sourcecode.swift; path = AddUpdateSongViewModel.swift; sourceTree = "<group>"; };
/* End PBXFileReference section */

/* Begin PBXFrameworksBuildPhase section */
		0525276B2AD2DC7400C07EB0 /* Frameworks */ = {
			isa = PBXFrameworksBuildPhase;
			buildActionMask = 2147483647;
			files = (
			);
			runOnlyForDeploymentPostprocessing = 0;
		};
/* End PBXFrameworksBuildPhase section */

/* Begin PBXGroup section */
		052527652AD2DC7400C07EB0 = {
			isa = PBXGroup;
			children = (
				052527702AD2DC7400C07EB0 /* Vapor Consumer */,
				0525276F2AD2DC7400C07EB0 /* Products */,
			);
			sourceTree = "<group>";
		};
		0525276F2AD2DC7400C07EB0 /* Products */ = {
			isa = PBXGroup;
			children = (
				0525276E2AD2DC7400C07EB0 /* Vapor Consumer.app */,
			);
			name = Products;
			sourceTree = "<group>";
		};
		052527702AD2DC7400C07EB0 /* Vapor Consumer */ = {
			isa = PBXGroup;
			children = (
				052527862AD33FD000C07EB0 /* Utilities */,
				052527812AD33F7A00C07EB0 /* ViewModel */,
				052527802AD33F7000C07EB0 /* View */,
				0525277F2AD33F6400C07EB0 /* Model */,
				052527712AD2DC7400C07EB0 /* Vapor_ConsumerApp.swift */,
				052527752AD2DC7600C07EB0 /* Assets.xcassets */,
				052527772AD2DC7600C07EB0 /* Preview Content */,
			);
			path = "Vapor Consumer";
			sourceTree = "<group>";
		};
		052527772AD2DC7600C07EB0 /* Preview Content */ = {
			isa = PBXGroup;
			children = (
				052527782AD2DC7600C07EB0 /* Preview Assets.xcassets */,
			);
			path = "Preview Content";
			sourceTree = "<group>";
		};
		0525277F2AD33F6400C07EB0 /* Model */ = {
			isa = PBXGroup;
			children = (
				052527842AD33FA100C07EB0 /* Song.swift */,
			);
			path = Model;
			sourceTree = "<group>";
		};
		052527802AD33F7000C07EB0 /* View */ = {
			isa = PBXGroup;
			children = (
				052527732AD2DC7400C07EB0 /* SongList.swift */,
				056A8A6B2AD34D8000840B47 /* AddUpdateSong.swift */,
			);
			path = View;
			sourceTree = "<group>";
		};
		052527812AD33F7A00C07EB0 /* ViewModel */ = {
			isa = PBXGroup;
			children = (
				052527822AD33F8D00C07EB0 /* SongListViewModel.swift */,
				056A8A6D2AD34DBC00840B47 /* AddUpdateSongViewModel.swift */,
			);
			path = ViewModel;
			sourceTree = "<group>";
		};
		052527862AD33FD000C07EB0 /* Utilities */ = {
			isa = PBXGroup;
			children = (
				056A8A652AD3441800840B47 /* HttpClient.swift */,
				056A8A672AD346EE00840B47 /* Constants.swift */,
				056A8A692AD34C5200840B47 /* ModelType.swift */,
			);
			path = Utilities;
			sourceTree = "<group>";
		};
/* End PBXGroup section */

/* Begin PBXNativeTarget section */
		0525276D2AD2DC7400C07EB0 /* Vapor Consumer */ = {
			isa = PBXNativeTarget;
			buildConfigurationList = 0525277C2AD2DC7600C07EB0 /* Build configuration list for PBXNativeTarget "Vapor Consumer" */;
			buildPhases = (
				0525276A2AD2DC7400C07EB0 /* Sources */,
				0525276B2AD2DC7400C07EB0 /* Frameworks */,
				0525276C2AD2DC7400C07EB0 /* Resources */,
			);
			buildRules = (
			);
			dependencies = (
			);
			name = "Vapor Consumer";
			productName = "Vapor Consumer";
			productReference = 0525276E2AD2DC7400C07EB0 /* Vapor Consumer.app */;
			productType = "com.apple.product-type.application";
		};
/* End PBXNativeTarget section */

/* Begin PBXProject section */
		052527662AD2DC7400C07EB0 /* Project object */ = {
			isa = PBXProject;
			attributes = {
				BuildIndependentTargetsInParallel = 1;
				LastSwiftUpdateCheck = 1500;
				LastUpgradeCheck = 1500;
				TargetAttributes = {
					0525276D2AD2DC7400C07EB0 = {
						CreatedOnToolsVersion = 15.0;
					};
				};
			};
			buildConfigurationList = 052527692AD2DC7400C07EB0 /* Build configuration list for PBXProject "Vapor Consumer" */;
			compatibilityVersion = "Xcode 14.0";
			developmentRegion = en;
			hasScannedForEncodings = 0;
			knownRegions = (
				en,
				Base,
			);
			mainGroup = 052527652AD2DC7400C07EB0;
			productRefGroup = 0525276F2AD2DC7400C07EB0 /* Products */;
			projectDirPath = "";
			projectRoot = "";
			targets = (
				0525276D2AD2DC7400C07EB0 /* Vapor Consumer */,
			);
		};
/* End PBXProject section */

/* Begin PBXResourcesBuildPhase section */
		0525276C2AD2DC7400C07EB0 /* Resources */ = {
			isa = PBXResourcesBuildPhase;
			buildActionMask = 2147483647;
			files = (
				052527792AD2DC7600C07EB0 /* Preview Assets.xcassets in Resources */,
				052527762AD2DC7600C07EB0 /* Assets.xcassets in Resources */,
			);
			runOnlyForDeploymentPostprocessing = 0;
		};
/* End PBXResourcesBuildPhase section */

/* Begin PBXSourcesBuildPhase section */
		0525276A2AD2DC7400C07EB0 /* Sources */ = {
			isa = PBXSourcesBuildPhase;
			buildActionMask = 2147483647;
			files = (
				056A8A662AD3441800840B47 /* HttpClient.swift in Sources */,
				056A8A6E2AD34DBC00840B47 /* AddUpdateSongViewModel.swift in Sources */,
				056A8A6C2AD34D8000840B47 /* AddUpdateSong.swift in Sources */,
				052527852AD33FA100C07EB0 /* Song.swift in Sources */,
				052527742AD2DC7400C07EB0 /* SongList.swift in Sources */,
				052527832AD33F8D00C07EB0 /* SongListViewModel.swift in Sources */,
				056A8A6A2AD34C5200840B47 /* ModelType.swift in Sources */,
				052527722AD2DC7400C07EB0 /* Vapor_ConsumerApp.swift in Sources */,
				056A8A682AD346EE00840B47 /* Constants.swift in Sources */,
			);
			runOnlyForDeploymentPostprocessing = 0;
		};
/* End PBXSourcesBuildPhase section */

/* Begin XCBuildConfiguration section */
		0525277A2AD2DC7600C07EB0 /* Debug */ = {
			isa = XCBuildConfiguration;
			buildSettings = {
				ALWAYS_SEARCH_USER_PATHS = NO;
				ASSETCATALOG_COMPILER_GENERATE_SWIFT_ASSET_SYMBOL_EXTENSIONS = YES;
				CLANG_ANALYZER_NONNULL = YES;
				CLANG_ANALYZER_NUMBER_OBJECT_CONVERSION = YES_AGGRESSIVE;
				CLANG_CXX_LANGUAGE_STANDARD = "gnu++20";
				CLANG_ENABLE_MODULES = YES;
				CLANG_ENABLE_OBJC_ARC = YES;
				CLANG_ENABLE_OBJC_WEAK = YES;
				CLANG_WARN_BLOCK_CAPTURE_AUTORELEASING = YES;
				CLANG_WARN_BOOL_CONVERSION = YES;
				CLANG_WARN_COMMA = YES;
				CLANG_WARN_CONSTANT_CONVERSION = YES;
				CLANG_WARN_DEPRECATED_OBJC_IMPLEMENTATIONS = YES;
				CLANG_WARN_DIRECT_OBJC_ISA_USAGE = YES_ERROR;
				CLANG_WARN_DOCUMENTATION_COMMENTS = YES;
				CLANG_WARN_EMPTY_BODY = YES;
				CLANG_WARN_ENUM_CONVERSION = YES;
				CLANG_WARN_INFINITE_RECURSION = YES;
				CLANG_WARN_INT_CONVERSION = YES;
				CLANG_WARN_NON_LITERAL_NULL_CONVERSION = YES;
				CLANG_WARN_OBJC_IMPLICIT_RETAIN_SELF = YES;
				CLANG_WARN_OBJC_LITERAL_CONVERSION = YES;
				CLANG_WARN_OBJC_ROOT_CLASS = YES_ERROR;
				CLANG_WARN_QUOTED_INCLUDE_IN_FRAMEWORK_HEADER = YES;
				CLANG_WARN_RANGE_LOOP_ANALYSIS = YES;
				CLANG_WARN_STRICT_PROTOTYPES = YES;
				CLANG_WARN_SUSPICIOUS_MOVE = YES;
				CLANG_WARN_UNGUARDED_AVAILABILITY = YES_AGGRESSIVE;
				CLANG_WARN_UNREACHABLE_CODE = YES;
				CLANG_WARN__DUPLICATE_METHOD_MATCH = YES;
				COPY_PHASE_STRIP = NO;
				DEBUG_INFORMATION_FORMAT = dwarf;
				ENABLE_STRICT_OBJC_MSGSEND = YES;
				ENABLE_TESTABILITY = YES;
				ENABLE_USER_SCRIPT_SANDBOXING = YES;
				GCC_C_LANGUAGE_STANDARD = gnu17;
				GCC_DYNAMIC_NO_PIC = NO;
				GCC_NO_COMMON_BLOCKS = YES;
				GCC_OPTIMIZATION_LEVEL = 0;
				GCC_PREPROCESSOR_DEFINITIONS = (
					"DEBUG=1",
					"$(inherited)",
				);
				GCC_WARN_64_TO_32_BIT_CONVERSION = YES;
				GCC_WARN_ABOUT_RETURN_TYPE = YES_ERROR;
				GCC_WARN_UNDECLARED_SELECTOR = YES;
				GCC_WARN_UNINITIALIZED_AUTOS = YES_AGGRESSIVE;
				GCC_WARN_UNUSED_FUNCTION = YES;
				GCC_WARN_UNUSED_VARIABLE = YES;
				IPHONEOS_DEPLOYMENT_TARGET = 17.0;
				LOCALIZATION_PREFERS_STRING_CATALOGS = YES;
				MTL_ENABLE_DEBUG_INFO = INCLUDE_SOURCE;
				MTL_FAST_MATH = YES;
				ONLY_ACTIVE_ARCH = YES;
				SDKROOT = iphoneos;
				SWIFT_ACTIVE_COMPILATION_CONDITIONS = "DEBUG $(inherited)";
				SWIFT_OPTIMIZATION_LEVEL = "-Onone";
			};
			name = Debug;
		};
		0525277B2AD2DC7600C07EB0 /* Release */ = {
			isa = XCBuildConfiguration;
			buildSettings = {
				ALWAYS_SEARCH_USER_PATHS = NO;
				ASSETCATALOG_COMPILER_GENERATE_SWIFT_ASSET_SYMBOL_EXTENSIONS = YES;
				CLANG_ANALYZER_NONNULL = YES;
				CLANG_ANALYZER_NUMBER_OBJECT_CONVERSION = YES_AGGRESSIVE;
				CLANG_CXX_LANGUAGE_STANDARD = "gnu++20";
				CLANG_ENABLE_MODULES = YES;
				CLANG_ENABLE_OBJC_ARC = YES;
				CLANG_ENABLE_OBJC_WEAK = YES;
				CLANG_WARN_BLOCK_CAPTURE_AUTORELEASING = YES;
				CLANG_WARN_BOOL_CONVERSION = YES;
				CLANG_WARN_COMMA = YES;
				CLANG_WARN_CONSTANT_CONVERSION = YES;
				CLANG_WARN_DEPRECATED_OBJC_IMPLEMENTATIONS = YES;
				CLANG_WARN_DIRECT_OBJC_ISA_USAGE = YES_ERROR;
				CLANG_WARN_DOCUMENTATION_COMMENTS = YES;
				CLANG_WARN_EMPTY_BODY = YES;
				CLANG_WARN_ENUM_CONVERSION = YES;
				CLANG_WARN_INFINITE_RECURSION = YES;
				CLANG_WARN_INT_CONVERSION = YES;
				CLANG_WARN_NON_LITERAL_NULL_CONVERSION = YES;
				CLANG_WARN_OBJC_IMPLICIT_RETAIN_SELF = YES;
				CLANG_WARN_OBJC_LITERAL_CONVERSION = YES;
				CLANG_WARN_OBJC_ROOT_CLASS = YES_ERROR;
				CLANG_WARN_QUOTED_INCLUDE_IN_FRAMEWORK_HEADER = YES;
				CLANG_WARN_RANGE_LOOP_ANALYSIS = YES;
				CLANG_WARN_STRICT_PROTOTYPES = YES;
				CLANG_WARN_SUSPICIOUS_MOVE = YES;
				CLANG_WARN_UNGUARDED_AVAILABILITY = YES_AGGRESSIVE;
				CLANG_WARN_UNREACHABLE_CODE = YES;
				CLANG_WARN__DUPLICATE_METHOD_MATCH = YES;
				COPY_PHASE_STRIP = NO;
				DEBUG_INFORMATION_FORMAT = "dwarf-with-dsym";
				ENABLE_NS_ASSERTIONS = NO;
				ENABLE_STRICT_OBJC_MSGSEND = YES;
				ENABLE_USER_SCRIPT_SANDBOXING = YES;
				GCC_C_LANGUAGE_STANDARD = gnu17;
				GCC_NO_COMMON_BLOCKS = YES;
				GCC_WARN_64_TO_32_BIT_CONVERSION = YES;
				GCC_WARN_ABOUT_RETURN_TYPE = YES_ERROR;
				GCC_WARN_UNDECLARED_SELECTOR = YES;
				GCC_WARN_UNINITIALIZED_AUTOS = YES_AGGRESSIVE;
				GCC_WARN_UNUSED_FUNCTION = YES;
				GCC_WARN_UNUSED_VARIABLE = YES;
				IPHONEOS_DEPLOYMENT_TARGET = 17.0;
				LOCALIZATION_PREFERS_STRING_CATALOGS = YES;
				MTL_ENABLE_DEBUG_INFO = NO;
				MTL_FAST_MATH = YES;
				SDKROOT = iphoneos;
				SWIFT_COMPILATION_MODE = wholemodule;
				VALIDATE_PRODUCT = YES;
			};
			name = Release;
		};
		0525277D2AD2DC7600C07EB0 /* Debug */ = {
			isa = XCBuildConfiguration;
			buildSettings = {
				ASSETCATALOG_COMPILER_APPICON_NAME = AppIcon;
				ASSETCATALOG_COMPILER_GLOBAL_ACCENT_COLOR_NAME = AccentColor;
				CODE_SIGN_STYLE = Automatic;
				CURRENT_PROJECT_VERSION = 1;
				DEVELOPMENT_ASSET_PATHS = "\"Vapor Consumer/Preview Content\"";
				DEVELOPMENT_TEAM = L5LAF377ZJ;
				ENABLE_PREVIEWS = YES;
				GENERATE_INFOPLIST_FILE = YES;
				INFOPLIST_KEY_UIApplicationSceneManifest_Generation = YES;
				INFOPLIST_KEY_UIApplicationSupportsIndirectInputEvents = YES;
				INFOPLIST_KEY_UILaunchScreen_Generation = YES;
				INFOPLIST_KEY_UISupportedInterfaceOrientations_iPad = "UIInterfaceOrientationPortrait UIInterfaceOrientationPortraitUpsideDown UIInterfaceOrientationLandscapeLeft UIInterfaceOrientationLandscapeRight";
				INFOPLIST_KEY_UISupportedInterfaceOrientations_iPhone = "UIInterfaceOrientationPortrait UIInterfaceOrientationLandscapeLeft UIInterfaceOrientationLandscapeRight";
				LD_RUNPATH_SEARCH_PATHS = (
					"$(inherited)",
					"@executable_path/Frameworks",
				);
				MARKETING_VERSION = 1.0;
				PRODUCT_BUNDLE_IDENTIFIER = "com.yasha.Vapor-Consumer";
				PRODUCT_NAME = "$(TARGET_NAME)";
				SWIFT_EMIT_LOC_STRINGS = YES;
				SWIFT_VERSION = 5.0;
				TARGETED_DEVICE_FAMILY = "1,2";
			};
			name = Debug;
		};
		0525277E2AD2DC7600C07EB0 /* Release */ = {
			isa = XCBuildConfiguration;
			buildSettings = {
				ASSETCATALOG_COMPILER_APPICON_NAME = AppIcon;
				ASSETCATALOG_COMPILER_GLOBAL_ACCENT_COLOR_NAME = AccentColor;
				CODE_SIGN_STYLE = Automatic;
				CURRENT_PROJECT_VERSION = 1;
				DEVELOPMENT_ASSET_PATHS = "\"Vapor Consumer/Preview Content\"";
				DEVELOPMENT_TEAM = L5LAF377ZJ;
				ENABLE_PREVIEWS = YES;
				GENERATE_INFOPLIST_FILE = YES;
				INFOPLIST_KEY_UIApplicationSceneManifest_Generation = YES;
				INFOPLIST_KEY_UIApplicationSupportsIndirectInputEvents = YES;
				INFOPLIST_KEY_UILaunchScreen_Generation = YES;
				INFOPLIST_KEY_UISupportedInterfaceOrientations_iPad = "UIInterfaceOrientationPortrait UIInterfaceOrientationPortraitUpsideDown UIInterfaceOrientationLandscapeLeft UIInterfaceOrientationLandscapeRight";
				INFOPLIST_KEY_UISupportedInterfaceOrientations_iPhone = "UIInterfaceOrientationPortrait UIInterfaceOrientationLandscapeLeft UIInterfaceOrientationLandscapeRight";
				LD_RUNPATH_SEARCH_PATHS = (
					"$(inherited)",
					"@executable_path/Frameworks",
				);
				MARKETING_VERSION = 1.0;
				PRODUCT_BUNDLE_IDENTIFIER = "com.yasha.Vapor-Consumer";
				PRODUCT_NAME = "$(TARGET_NAME)";
				SWIFT_EMIT_LOC_STRINGS = YES;
				SWIFT_VERSION = 5.0;
				TARGETED_DEVICE_FAMILY = "1,2";
			};
			name = Release;
		};
/* End XCBuildConfiguration section */

/* Begin XCConfigurationList section */
		052527692AD2DC7400C07EB0 /* Build configuration list for PBXProject "Vapor Consumer" */ = {
			isa = XCConfigurationList;
			buildConfigurations = (
				0525277A2AD2DC7600C07EB0 /* Debug */,
				0525277B2AD2DC7600C07EB0 /* Release */,
			);
			defaultConfigurationIsVisible = 0;
			defaultConfigurationName = Release;
		};
		0525277C2AD2DC7600C07EB0 /* Build configuration list for PBXNativeTarget "Vapor Consumer" */ = {
			isa = XCConfigurationList;
			buildConfigurations = (
				0525277D2AD2DC7600C07EB0 /* Debug */,
				0525277E2AD2DC7600C07EB0 /* Release */,
			);
			defaultConfigurationIsVisible = 0;
			defaultConfigurationName = Release;
		};
/* End XCConfigurationList section */
	};
	rootObject = 052527662AD2DC7400C07EB0 /* Project object */;
}
